// !$*UTF8*$!
{
	archiveVersion = 1;
	classes = {
	};
	objectVersion = 77;
	objects = {

/* Begin PBXContainerItemProxy section */
		8528FCD32D6C1B2000F43A5A /* PBXContainerItemProxy */ = {
			isa = PBXContainerItemProxy;
			containerPortal = 8528FCB82D6C1B1F00F43A5A /* Project object */;
			proxyType = 1;
			remoteGlobalIDString = 8528FCBF2D6C1B1F00F43A5A;
			remoteInfo = Yogurithm;
		};
		8528FCDD2D6C1B2000F43A5A /* PBXContainerItemProxy */ = {
			isa = PBXContainerItemProxy;
			containerPortal = 8528FCB82D6C1B1F00F43A5A /* Project object */;
			proxyType = 1;
			remoteGlobalIDString = 8528FCBF2D6C1B1F00F43A5A;
			remoteInfo = Yogurithm;
		};
/* End PBXContainerItemProxy section */

/* Begin PBXFileReference section */
		8528FCC02D6C1B1F00F43A5A /* Yogurithm.app */ = {isa = PBXFileReference; explicitFileType = wrapper.application; includeInIndex = 0; path = Yogurithm.app; sourceTree = BUILT_PRODUCTS_DIR; };
		8528FCD22D6C1B2000F43A5A /* YogurithmTests.xctest */ = {isa = PBXFileReference; explicitFileType = wrapper.cfbundle; includeInIndex = 0; path = YogurithmTests.xctest; sourceTree = BUILT_PRODUCTS_DIR; };
		8528FCDC2D6C1B2000F43A5A /* YogurithmUITests.xctest */ = {isa = PBXFileReference; explicitFileType = wrapper.cfbundle; includeInIndex = 0; path = YogurithmUITests.xctest; sourceTree = BUILT_PRODUCTS_DIR; };
/* End PBXFileReference section */

/* Begin PBXFileSystemSynchronizedRootGroup section */
		8528FCC22D6C1B1F00F43A5A /* Yogurithm */ = {
			isa = PBXFileSystemSynchronizedRootGroup;
			path = Yogurithm;
			sourceTree = "<group>";
		};
		8528FCD52D6C1B2000F43A5A /* YogurithmTests */ = {
			isa = PBXFileSystemSynchronizedRootGroup;
			path = YogurithmTests;
			sourceTree = "<group>";
		};
		8528FCDF2D6C1B2000F43A5A /* YogurithmUITests */ = {
			isa = PBXFileSystemSynchronizedRootGroup;
			path = YogurithmUITests;
			sourceTree = "<group>";
		};
/* End PBXFileSystemSynchronizedRootGroup section */

/* Begin PBXFrameworksBuildPhase section */
		8528FCBD2D6C1B1F00F43A5A /* Frameworks */ = {
			isa = PBXFrameworksBuildPhase;
			buildActionMask = 2147483647;
			files = (
			);
			runOnlyForDeploymentPostprocessing = 0;
		};
		8528FCCF2D6C1B2000F43A5A /* Frameworks */ = {
			isa = PBXFrameworksBuildPhase;
			buildActionMask = 2147483647;
			files = (
			);
			runOnlyForDeploymentPostprocessing = 0;
		};
		8528FCD92D6C1B2000F43A5A /* Frameworks */ = {
			isa = PBXFrameworksBuildPhase;
			buildActionMask = 2147483647;
			files = (
			);
			runOnlyForDeploymentPostprocessing = 0;
		};
/* End PBXFrameworksBuildPhase section */

/* Begin PBXGroup section */
		8528FCB72D6C1B1F00F43A5A = {
			isa = PBXGroup;
			children = (
				8528FCC22D6C1B1F00F43A5A /* Yogurithm */,
				8528FCD52D6C1B2000F43A5A /* YogurithmTests */,
				8528FCDF2D6C1B2000F43A5A /* YogurithmUITests */,
				8528FCC12D6C1B1F00F43A5A /* Products */,
			);
			sourceTree = "<group>";
		};
		8528FCC12D6C1B1F00F43A5A /* Products */ = {
			isa = PBXGroup;
			children = (
				8528FCC02D6C1B1F00F43A5A /* Yogurithm.app */,
				8528FCD22D6C1B2000F43A5A /* YogurithmTests.xctest */,
				8528FCDC2D6C1B2000F43A5A /* YogurithmUITests.xctest */,
			);
			name = Products;
			sourceTree = "<group>";
		};
/* End PBXGroup section */

/* Begin PBXNativeTarget section */
		8528FCBF2D6C1B1F00F43A5A /* Yogurithm */ = {
			isa = PBXNativeTarget;
			buildConfigurationList = 8528FCE62D6C1B2000F43A5A /* Build configuration list for PBXNativeTarget "Yogurithm" */;
			buildPhases = (
				8528FCBC2D6C1B1F00F43A5A /* Sources */,
				8528FCBD2D6C1B1F00F43A5A /* Frameworks */,
				8528FCBE2D6C1B1F00F43A5A /* Resources */,
			);
			buildRules = (
			);
			dependencies = (
			);
			fileSystemSynchronizedGroups = (
				8528FCC22D6C1B1F00F43A5A /* Yogurithm */,
			);
			name = Yogurithm;
			packageProductDependencies = (
			);
			productName = Yogurithm;
			productReference = 8528FCC02D6C1B1F00F43A5A /* Yogurithm.app */;
			productType = "com.apple.product-type.application";
		};
		8528FCD12D6C1B2000F43A5A /* YogurithmTests */ = {
			isa = PBXNativeTarget;
			buildConfigurationList = 8528FCE92D6C1B2000F43A5A /* Build configuration list for PBXNativeTarget "YogurithmTests" */;
			buildPhases = (
				8528FCCE2D6C1B2000F43A5A /* Sources */,
				8528FCCF2D6C1B2000F43A5A /* Frameworks */,
				8528FCD02D6C1B2000F43A5A /* Resources */,
			);
			buildRules = (
			);
			dependencies = (
				8528FCD42D6C1B2000F43A5A /* PBXTargetDependency */,
			);
			fileSystemSynchronizedGroups = (
				8528FCD52D6C1B2000F43A5A /* YogurithmTests */,
			);
			name = YogurithmTests;
			packageProductDependencies = (
			);
			productName = YogurithmTests;
			productReference = 8528FCD22D6C1B2000F43A5A /* YogurithmTests.xctest */;
			productType = "com.apple.product-type.bundle.unit-test";
		};
		8528FCDB2D6C1B2000F43A5A /* YogurithmUITests */ = {
			isa = PBXNativeTarget;
			buildConfigurationList = 8528FCEC2D6C1B2000F43A5A /* Build configuration list for PBXNativeTarget "YogurithmUITests" */;
			buildPhases = (
				8528FCD82D6C1B2000F43A5A /* Sources */,
				8528FCD92D6C1B2000F43A5A /* Frameworks */,
				8528FCDA2D6C1B2000F43A5A /* Resources */,
			);
			buildRules = (
			);
			dependencies = (
				8528FCDE2D6C1B2000F43A5A /* PBXTargetDependency */,
			);
			fileSystemSynchronizedGroups = (
				8528FCDF2D6C1B2000F43A5A /* YogurithmUITests */,
			);
			name = YogurithmUITests;
			packageProductDependencies = (
			);
			productName = YogurithmUITests;
			productReference = 8528FCDC2D6C1B2000F43A5A /* YogurithmUITests.xctest */;
			productType = "com.apple.product-type.bundle.ui-testing";
		};
/* End PBXNativeTarget section */

/* Begin PBXProject section */
		8528FCB82D6C1B1F00F43A5A /* Project object */ = {
			isa = PBXProject;
			attributes = {
				BuildIndependentTargetsInParallel = 1;
				LastSwiftUpdateCheck = 1620;
				LastUpgradeCheck = 1620;
				TargetAttributes = {
					8528FCBF2D6C1B1F00F43A5A = {
						CreatedOnToolsVersion = 16.2;
					};
					8528FCD12D6C1B2000F43A5A = {
						CreatedOnToolsVersion = 16.2;
						TestTargetID = 8528FCBF2D6C1B1F00F43A5A;
					};
					8528FCDB2D6C1B2000F43A5A = {
						CreatedOnToolsVersion = 16.2;
						TestTargetID = 8528FCBF2D6C1B1F00F43A5A;
					};
				};
			};
			buildConfigurationList = 8528FCBB2D6C1B1F00F43A5A /* Build configuration list for PBXProject "Yogurithm" */;
			developmentRegion = en;
			hasScannedForEncodings = 0;
			knownRegions = (
				en,
				Base,
			);
			mainGroup = 8528FCB72D6C1B1F00F43A5A;
			minimizedProjectReferenceProxies = 1;
			preferredProjectObjectVersion = 77;
			productRefGroup = 8528FCC12D6C1B1F00F43A5A /* Products */;
			projectDirPath = "";
			projectRoot = "";
			targets = (
				8528FCBF2D6C1B1F00F43A5A /* Yogurithm */,
				8528FCD12D6C1B2000F43A5A /* YogurithmTests */,
				8528FCDB2D6C1B2000F43A5A /* YogurithmUITests */,
			);
		};
/* End PBXProject section */

/* Begin PBXResourcesBuildPhase section */
		8528FCBE2D6C1B1F00F43A5A /* Resources */ = {
			isa = PBXResourcesBuildPhase;
			buildActionMask = 2147483647;
			files = (
			);
			runOnlyForDeploymentPostprocessing = 0;
		};
		8528FCD02D6C1B2000F43A5A /* Resources */ = {
			isa = PBXResourcesBuildPhase;
			buildActionMask = 2147483647;
			files = (
			);
			runOnlyForDeploymentPostprocessing = 0;
		};
		8528FCDA2D6C1B2000F43A5A /* Resources */ = {
			isa = PBXResourcesBuildPhase;
			buildActionMask = 2147483647;
			files = (
			);
			runOnlyForDeploymentPostprocessing = 0;
		};
/* End PBXResourcesBuildPhase section */

/* Begin PBXSourcesBuildPhase section */
		8528FCBC2D6C1B1F00F43A5A /* Sources */ = {
			isa = PBXSourcesBuildPhase;
			buildActionMask = 2147483647;
			files = (
			);
			runOnlyForDeploymentPostprocessing = 0;
		};
		8528FCCE2D6C1B2000F43A5A /* Sources */ = {
			isa = PBXSourcesBuildPhase;
			buildActionMask = 2147483647;
			files = (
			);
			runOnlyForDeploymentPostprocessing = 0;
		};
		8528FCD82D6C1B2000F43A5A /* Sources */ = {
			isa = PBXSourcesBuildPhase;
			buildActionMask = 2147483647;
			files = (
			);
			runOnlyForDeploymentPostprocessing = 0;
		};
/* End PBXSourcesBuildPhase section */

/* Begin PBXTargetDependency section */
		8528FCD42D6C1B2000F43A5A /* PBXTargetDependency */ = {
			isa = PBXTargetDependency;
			target = 8528FCBF2D6C1B1F00F43A5A /* Yogurithm */;
			targetProxy = 8528FCD32D6C1B2000F43A5A /* PBXContainerItemProxy */;
		};
		8528FCDE2D6C1B2000F43A5A /* PBXTargetDependency */ = {
			isa = PBXTargetDependency;
			target = 8528FCBF2D6C1B1F00F43A5A /* Yogurithm */;
			targetProxy = 8528FCDD2D6C1B2000F43A5A /* PBXContainerItemProxy */;
		};
/* End PBXTargetDependency section */

/* Begin XCBuildConfiguration section */
		8528FCE42D6C1B2000F43A5A /* Debug */ = {
			isa = XCBuildConfiguration;
			buildSettings = {
				ALWAYS_SEARCH_USER_PATHS = NO;
				ASSETCATALOG_COMPILER_GENERATE_SWIFT_ASSET_SYMBOL_EXTENSIONS = YES;
				CLANG_ANALYZER_NONNULL = YES;
				CLANG_ANALYZER_NUMBER_OBJECT_CONVERSION = YES_AGGRESSIVE;
				CLANG_CXX_LANGUAGE_STANDARD = "gnu++20";
				CLANG_ENABLE_MODULES = YES;
				CLANG_ENABLE_OBJC_ARC = YES;
				CLANG_ENABLE_OBJC_WEAK = YES;
				CLANG_WARN_BLOCK_CAPTURE_AUTORELEASING = YES;
				CLANG_WARN_BOOL_CONVERSION = YES;
				CLANG_WARN_COMMA = YES;
				CLANG_WARN_CONSTANT_CONVERSION = YES;
				CLANG_WARN_DEPRECATED_OBJC_IMPLEMENTATIONS = YES;
				CLANG_WARN_DIRECT_OBJC_ISA_USAGE = YES_ERROR;
				CLANG_WARN_DOCUMENTATION_COMMENTS = YES;
				CLANG_WARN_EMPTY_BODY = YES;
				CLANG_WARN_ENUM_CONVERSION = YES;
				CLANG_WARN_INFINITE_RECURSION = YES;
				CLANG_WARN_INT_CONVERSION = YES;
				CLANG_WARN_NON_LITERAL_NULL_CONVERSION = YES;
				CLANG_WARN_OBJC_IMPLICIT_RETAIN_SELF = YES;
				CLANG_WARN_OBJC_LITERAL_CONVERSION = YES;
				CLANG_WARN_OBJC_ROOT_CLASS = YES_ERROR;
				CLANG_WARN_QUOTED_INCLUDE_IN_FRAMEWORK_HEADER = YES;
				CLANG_WARN_RANGE_LOOP_ANALYSIS = YES;
				CLANG_WARN_STRICT_PROTOTYPES = YES;
				CLANG_WARN_SUSPICIOUS_MOVE = YES;
				CLANG_WARN_UNGUARDED_AVAILABILITY = YES_AGGRESSIVE;
				CLANG_WARN_UNREACHABLE_CODE = YES;
				CLANG_WARN__DUPLICATE_METHOD_MATCH = YES;
				COPY_PHASE_STRIP = NO;
				DEBUG_INFORMATION_FORMAT = dwarf;
				ENABLE_STRICT_OBJC_MSGSEND = YES;
				ENABLE_TESTABILITY = YES;
				ENABLE_USER_SCRIPT_SANDBOXING = YES;
				GCC_C_LANGUAGE_STANDARD = gnu17;
				GCC_DYNAMIC_NO_PIC = NO;
				GCC_NO_COMMON_BLOCKS = YES;
				GCC_OPTIMIZATION_LEVEL = 0;
				GCC_PREPROCESSOR_DEFINITIONS = (
					"DEBUG=1",
					"$(inherited)",
				);
				GCC_WARN_64_TO_32_BIT_CONVERSION = YES;
				GCC_WARN_ABOUT_RETURN_TYPE = YES_ERROR;
				GCC_WARN_UNDECLARED_SELECTOR = YES;
				GCC_WARN_UNINITIALIZED_AUTOS = YES_AGGRESSIVE;
				GCC_WARN_UNUSED_FUNCTION = YES;
				GCC_WARN_UNUSED_VARIABLE = YES;
				IPHONEOS_DEPLOYMENT_TARGET = 18.2;
				LOCALIZATION_PREFERS_STRING_CATALOGS = YES;
				MTL_ENABLE_DEBUG_INFO = INCLUDE_SOURCE;
				MTL_FAST_MATH = YES;
				ONLY_ACTIVE_ARCH = YES;
				SDKROOT = iphoneos;
				SWIFT_ACTIVE_COMPILATION_CONDITIONS = "DEBUG $(inherited)";
				SWIFT_OPTIMIZATION_LEVEL = "-Onone";
			};
			name = Debug;
		};
		8528FCE52D6C1B2000F43A5A /* Release */ = {
			isa = XCBuildConfiguration;
			buildSettings = {
				ALWAYS_SEARCH_USER_PATHS = NO;
				ASSETCATALOG_COMPILER_GENERATE_SWIFT_ASSET_SYMBOL_EXTENSIONS = YES;
				CLANG_ANALYZER_NONNULL = YES;
				CLANG_ANALYZER_NUMBER_OBJECT_CONVERSION = YES_AGGRESSIVE;
				CLANG_CXX_LANGUAGE_STANDARD = "gnu++20";
				CLANG_ENABLE_MODULES = YES;
				CLANG_ENABLE_OBJC_ARC = YES;
				CLANG_ENABLE_OBJC_WEAK = YES;
				CLANG_WARN_BLOCK_CAPTURE_AUTORELEASING = YES;
				CLANG_WARN_BOOL_CONVERSION = YES;
				CLANG_WARN_COMMA = YES;
				CLANG_WARN_CONSTANT_CONVERSION = YES;
				CLANG_WARN_DEPRECATED_OBJC_IMPLEMENTATIONS = YES;
				CLANG_WARN_DIRECT_OBJC_ISA_USAGE = YES_ERROR;
				CLANG_WARN_DOCUMENTATION_COMMENTS = YES;
				CLANG_WARN_EMPTY_BODY = YES;
				CLANG_WARN_ENUM_CONVERSION = YES;
				CLANG_WARN_INFINITE_RECURSION = YES;
				CLANG_WARN_INT_CONVERSION = YES;
				CLANG_WARN_NON_LITERAL_NULL_CONVERSION = YES;
				CLANG_WARN_OBJC_IMPLICIT_RETAIN_SELF = YES;
				CLANG_WARN_OBJC_LITERAL_CONVERSION = YES;
				CLANG_WARN_OBJC_ROOT_CLASS = YES_ERROR;
				CLANG_WARN_QUOTED_INCLUDE_IN_FRAMEWORK_HEADER = YES;
				CLANG_WARN_RANGE_LOOP_ANALYSIS = YES;
				CLANG_WARN_STRICT_PROTOTYPES = YES;
				CLANG_WARN_SUSPICIOUS_MOVE = YES;
				CLANG_WARN_UNGUARDED_AVAILABILITY = YES_AGGRESSIVE;
				CLANG_WARN_UNREACHABLE_CODE = YES;
				CLANG_WARN__DUPLICATE_METHOD_MATCH = YES;
				COPY_PHASE_STRIP = NO;
				DEBUG_INFORMATION_FORMAT = "dwarf-with-dsym";
				ENABLE_NS_ASSERTIONS = NO;
				ENABLE_STRICT_OBJC_MSGSEND = YES;
				ENABLE_USER_SCRIPT_SANDBOXING = YES;
				GCC_C_LANGUAGE_STANDARD = gnu17;
				GCC_NO_COMMON_BLOCKS = YES;
				GCC_WARN_64_TO_32_BIT_CONVERSION = YES;
				GCC_WARN_ABOUT_RETURN_TYPE = YES_ERROR;
				GCC_WARN_UNDECLARED_SELECTOR = YES;
				GCC_WARN_UNINITIALIZED_AUTOS = YES_AGGRESSIVE;
				GCC_WARN_UNUSED_FUNCTION = YES;
				GCC_WARN_UNUSED_VARIABLE = YES;
				IPHONEOS_DEPLOYMENT_TARGET = 18.2;
				LOCALIZATION_PREFERS_STRING_CATALOGS = YES;
				MTL_ENABLE_DEBUG_INFO = NO;
				MTL_FAST_MATH = YES;
				SDKROOT = iphoneos;
				SWIFT_COMPILATION_MODE = wholemodule;
				VALIDATE_PRODUCT = YES;
			};
			name = Release;
		};
		8528FCE72D6C1B2000F43A5A /* Debug */ = {
			isa = XCBuildConfiguration;
			buildSettings = {
				ASSETCATALOG_COMPILER_APPICON_NAME = AppIcon;
				ASSETCATALOG_COMPILER_GLOBAL_ACCENT_COLOR_NAME = AccentColor;
				CODE_SIGN_STYLE = Automatic;
				CURRENT_PROJECT_VERSION = 1;
				DEVELOPMENT_ASSET_PATHS = "\"Yogurithm/Preview Content\"";
				DEVELOPMENT_TEAM = ZMC7G66S3M;
				ENABLE_PREVIEWS = YES;
				GENERATE_INFOPLIST_FILE = YES;
				INFOPLIST_KEY_UIApplicationSceneManifest_Generation = YES;
				INFOPLIST_KEY_UIApplicationSupportsIndirectInputEvents = YES;
				INFOPLIST_KEY_UILaunchScreen_Generation = YES;
				INFOPLIST_KEY_UISupportedInterfaceOrientations_iPad = "UIInterfaceOrientationPortrait UIInterfaceOrientationPortraitUpsideDown UIInterfaceOrientationLandscapeLeft UIInterfaceOrientationLandscapeRight";
				INFOPLIST_KEY_UISupportedInterfaceOrientations_iPhone = "UIInterfaceOrientationPortrait UIInterfaceOrientationLandscapeLeft UIInterfaceOrientationLandscapeRight";
				LD_RUNPATH_SEARCH_PATHS = (
					"$(inherited)",
					"@executable_path/Frameworks",
				);
				MARKETING_VERSION = 1.0;
				PRODUCT_BUNDLE_IDENTIFIER = "-90.Yogurithm";
				PRODUCT_NAME = "$(TARGET_NAME)";
				SWIFT_EMIT_LOC_STRINGS = YES;
				SWIFT_VERSION = 5.0;
				TARGETED_DEVICE_FAMILY = "1,2";
			};
			name = Debug;
		};
		8528FCE82D6C1B2000F43A5A /* Release */ = {
			isa = XCBuildConfiguration;
			buildSettings = {
				ASSETCATALOG_COMPILER_APPICON_NAME = AppIcon;
				ASSETCATALOG_COMPILER_GLOBAL_ACCENT_COLOR_NAME = AccentColor;
				CODE_SIGN_STYLE = Automatic;
				CURRENT_PROJECT_VERSION = 1;
				DEVELOPMENT_ASSET_PATHS = "\"Yogurithm/Preview Content\"";
				DEVELOPMENT_TEAM = ZMC7G66S3M;
				ENABLE_PREVIEWS = YES;
				GENERATE_INFOPLIST_FILE = YES;
				INFOPLIST_KEY_UIApplicationSceneManifest_Generation = YES;
				INFOPLIST_KEY_UIApplicationSupportsIndirectInputEvents = YES;
				INFOPLIST_KEY_UILaunchScreen_Generation = YES;
				INFOPLIST_KEY_UISupportedInterfaceOrientations_iPad = "UIInterfaceOrientationPortrait UIInterfaceOrientationPortraitUpsideDown UIInterfaceOrientationLandscapeLeft UIInterfaceOrientationLandscapeRight";
				INFOPLIST_KEY_UISupportedInterfaceOrientations_iPhone = "UIInterfaceOrientationPortrait UIInterfaceOrientationLandscapeLeft UIInterfaceOrientationLandscapeRight";
				LD_RUNPATH_SEARCH_PATHS = (
					"$(inherited)",
					"@executable_path/Frameworks",
				);
				MARKETING_VERSION = 1.0;
				PRODUCT_BUNDLE_IDENTIFIER = "-90.Yogurithm";
				PRODUCT_NAME = "$(TARGET_NAME)";
				SWIFT_EMIT_LOC_STRINGS = YES;
				SWIFT_VERSION = 5.0;
				TARGETED_DEVICE_FAMILY = "1,2";
			};
			name = Release;
		};
		8528FCEA2D6C1B2000F43A5A /* Debug */ = {
			isa = XCBuildConfiguration;
			buildSettings = {
				BUNDLE_LOADER = "$(TEST_HOST)";
				CODE_SIGN_STYLE = Automatic;
				CURRENT_PROJECT_VERSION = 1;
				DEVELOPMENT_TEAM = ZMC7G66S3M;
				GENERATE_INFOPLIST_FILE = YES;
				IPHONEOS_DEPLOYMENT_TARGET = 18.2;
				MARKETING_VERSION = 1.0;
				PRODUCT_BUNDLE_IDENTIFIER = "-90.YogurithmTests";
				PRODUCT_NAME = "$(TARGET_NAME)";
				SWIFT_EMIT_LOC_STRINGS = NO;
				SWIFT_VERSION = 5.0;
				TARGETED_DEVICE_FAMILY = "1,2";
				TEST_HOST = "$(BUILT_PRODUCTS_DIR)/Yogurithm.app/$(BUNDLE_EXECUTABLE_FOLDER_PATH)/Yogurithm";
			};
			name = Debug;
		};
		8528FCEB2D6C1B2000F43A5A /* Release */ = {
			isa = XCBuildConfiguration;
			buildSettings = {
				BUNDLE_LOADER = "$(TEST_HOST)";
				CODE_SIGN_STYLE = Automatic;
				CURRENT_PROJECT_VERSION = 1;
				DEVELOPMENT_TEAM = ZMC7G66S3M;
				GENERATE_INFOPLIST_FILE = YES;
				IPHONEOS_DEPLOYMENT_TARGET = 18.2;
				MARKETING_VERSION = 1.0;
				PRODUCT_BUNDLE_IDENTIFIER = "-90.YogurithmTests";
				PRODUCT_NAME = "$(TARGET_NAME)";
				SWIFT_EMIT_LOC_STRINGS = NO;
				SWIFT_VERSION = 5.0;
				TARGETED_DEVICE_FAMILY = "1,2";
				TEST_HOST = "$(BUILT_PRODUCTS_DIR)/Yogurithm.app/$(BUNDLE_EXECUTABLE_FOLDER_PATH)/Yogurithm";
			};
			name = Release;
		};
		8528FCED2D6C1B2000F43A5A /* Debug */ = {
			isa = XCBuildConfiguration;
			buildSettings = {
				CODE_SIGN_STYLE = Automatic;
				CURRENT_PROJECT_VERSION = 1;
				DEVELOPMENT_TEAM = ZMC7G66S3M;
				GENERATE_INFOPLIST_FILE = YES;
				MARKETING_VERSION = 1.0;
				PRODUCT_BUNDLE_IDENTIFIER = "-90.YogurithmUITests";
				PRODUCT_NAME = "$(TARGET_NAME)";
				SWIFT_EMIT_LOC_STRINGS = NO;
				SWIFT_VERSION = 5.0;
				TARGETED_DEVICE_FAMILY = "1,2";
				TEST_TARGET_NAME = Yogurithm;
			};
			name = Debug;
		};
		8528FCEE2D6C1B2000F43A5A /* Release */ = {
			isa = XCBuildConfiguration;
			buildSettings = {
				CODE_SIGN_STYLE = Automatic;
				CURRENT_PROJECT_VERSION = 1;
				DEVELOPMENT_TEAM = ZMC7G66S3M;
				GENERATE_INFOPLIST_FILE = YES;
				MARKETING_VERSION = 1.0;
				PRODUCT_BUNDLE_IDENTIFIER = "-90.YogurithmUITests";
				PRODUCT_NAME = "$(TARGET_NAME)";
				SWIFT_EMIT_LOC_STRINGS = NO;
				SWIFT_VERSION = 5.0;
				TARGETED_DEVICE_FAMILY = "1,2";
				TEST_TARGET_NAME = Yogurithm;
			};
			name = Release;
		};
/* End XCBuildConfiguration section */

/* Begin XCConfigurationList section */
		8528FCBB2D6C1B1F00F43A5A /* Build configuration list for PBXProject "Yogurithm" */ = {
			isa = XCConfigurationList;
			buildConfigurations = (
				8528FCE42D6C1B2000F43A5A /* Debug */,
				8528FCE52D6C1B2000F43A5A /* Release */,
			);
			defaultConfigurationIsVisible = 0;
			defaultConfigurationName = Release;
		};
		8528FCE62D6C1B2000F43A5A /* Build configuration list for PBXNativeTarget "Yogurithm" */ = {
			isa = XCConfigurationList;
			buildConfigurations = (
				8528FCE72D6C1B2000F43A5A /* Debug */,
				8528FCE82D6C1B2000F43A5A /* Release */,
			);
			defaultConfigurationIsVisible = 0;
			defaultConfigurationName = Release;
		};
		8528FCE92D6C1B2000F43A5A /* Build configuration list for PBXNativeTarget "YogurithmTests" */ = {
			isa = XCConfigurationList;
			buildConfigurations = (
				8528FCEA2D6C1B2000F43A5A /* Debug */,
				8528FCEB2D6C1B2000F43A5A /* Release */,
			);
			defaultConfigurationIsVisible = 0;
			defaultConfigurationName = Release;
		};
		8528FCEC2D6C1B2000F43A5A /* Build configuration list for PBXNativeTarget "YogurithmUITests" */ = {
			isa = XCConfigurationList;
			buildConfigurations = (
				8528FCED2D6C1B2000F43A5A /* Debug */,
				8528FCEE2D6C1B2000F43A5A /* Release */,
			);
			defaultConfigurationIsVisible = 0;
			defaultConfigurationName = Release;
		};
/* End XCConfigurationList section */
	};
	rootObject = 8528FCB82D6C1B1F00F43A5A /* Project object */;
}
